
Microsoft Visual Studio Solution File, Format Version 10.00
# Visual C++ Express 2008
Project("{8BC9CEB8-8B4A-11D0-8D11-00A0C91BC942}") = "PIMphonyHelper", "PIMphonyHelper\PIMphonyHelper.vcproj", "{12A1E748-61CF-494A-9F86-DF7E2F4E2CF4}"
EndProject
Global
	GlobalSection(SolutionConfigurationPlatforms) = preSolution
		Debug|Win32 = Debug|Win32
		Release|Win32 = Release|Win32
	EndGlobalSection
	GlobalSection(ProjectConfigurationPlatforms) = postSolution
		{12A1E748-61CF-494A-9F86-DF7E2F4E2CF4}.Debug|Win32.ActiveCfg = Debug|Win32
		{12A1E748-61CF-494A-9F86-DF7E2F4E2CF4}.Debug|Win32.Build.0 = Debug|Win32
		{12A1E748-61CF-494A-9F86-DF7E2F4E2CF4}.Release|Win32.ActiveCfg = Release|Win32
		{12A1E748-61CF-494A-9F86-DF7E2F4E2CF4}.Release|Win32.Build.0 = Release|Win32
	EndGlobalSection
	GlobalSection(SolutionProperties) = preSolution
		HideSolutionNode = FALSE
	EndGlobalSection
EndGlobal
